governance:
  version: 3.4.0
  profile: default
  rules_version: v1
  pinned_refs:
    RULESET:
      - db-safety@v1
      - api-compat@v1
      - fe-deps@v1
      - git-workflow@v1
    ENV:
      - checks@v1
      - git-commands@v1
setupCompleted: true
setupCompletedAt: 2026-03-15T00:14:26.177Z
setupMode: quick
scaffoldingSync:
  lastWarnedContractCount: 3
  minContractsBetweenWarnings: 10
  lastWarnedAt: 2026-03-08T19:38:50.924Z
